
Microsoft Visual Studio Solution File, Format Version 12.00
# Visual Studio 14
VisualStudioVersion = 14.0.25420.1
MinimumVisualStudioVersion = 10.0.40219.1
Project("{FAE04EC0-301F-11D3-BF4B-00C04F79EFBC}") = "WifiNetworkLocalizer", "WifiNetworkLocalizer\WifiNetworkLocalizer.csproj", "{A79A72C3-1BAE-4C2F-BF3B-A367EB8E58A7}"
EndProject
Project("{FAE04EC0-301F-11D3-BF4B-00C04F79EFBC}") = "WebApplication1", "WebApplication1\WebApplication1.csproj", "{51AAF289-CF51-4BE3-86AA-1BAA7A9DBCC4}"
EndProject
Global
	GlobalSection(SolutionConfigurationPlatforms) = preSolution
		Debug|Any CPU = Debug|Any CPU
		Release|Any CPU = Release|Any CPU
	EndGlobalSection
	GlobalSection(ProjectConfigurationPlatforms) = postSolution
		{A79A72C3-1BAE-4C2F-BF3B-A367EB8E58A7}.Debug|Any CPU.ActiveCfg = Debug|Any CPU
		{A79A72C3-1BAE-4C2F-BF3B-A367EB8E58A7}.Debug|Any CPU.Build.0 = Debug|Any CPU
		{A79A72C3-1BAE-4C2F-BF3B-A367EB8E58A7}.Release|Any CPU.ActiveCfg = Release|Any CPU
		{A79A72C3-1BAE-4C2F-BF3B-A367EB8E58A7}.Release|Any CPU.Build.0 = Release|Any CPU
		{51AAF289-CF51-4BE3-86AA-1BAA7A9DBCC4}.Debug|Any CPU.ActiveCfg = Debug|Any CPU
		{51AAF289-CF51-4BE3-86AA-1BAA7A9DBCC4}.Debug|Any CPU.Build.0 = Debug|Any CPU
		{51AAF289-CF51-4BE3-86AA-1BAA7A9DBCC4}.Release|Any CPU.ActiveCfg = Release|Any CPU
		{51AAF289-CF51-4BE3-86AA-1BAA7A9DBCC4}.Release|Any CPU.Build.0 = Release|Any CPU
	EndGlobalSection
	GlobalSection(SolutionProperties) = preSolution
		HideSolutionNode = FALSE
	EndGlobalSection
EndGlobal
